
Microsoft Visual Studio Solution File, Format Version 12.00
# Visual Studio Version 16
VisualStudioVersion = 16.0.32228.343
MinimumVisualStudioVersion = 10.0.40219.1
Project("{FAE04EC0-301F-11D3-BF4B-00C04F79EFBC}") = "LoginUI.UWP", "LoginUI.UWP\LoginUI.UWP.csproj", "{E521313D-D620-472E-9AA9-165C4AD01997}"
EndProject
Project("{FAE04EC0-301F-11D3-BF4B-00C04F79EFBC}") = "LoginUI.Android", "LoginUI.Android\LoginUI.Android.csproj", "{43C86D74-0B15-4FAE-B6C4-3BA7143FC7FA}"
EndProject
Project("{FAE04EC0-301F-11D3-BF4B-00C04F79EFBC}") = "LoginUI.iOS", "LoginUI.iOS\LoginUI.iOS.csproj", "{F17F33F7-E274-41C2-BC7E-A2D883289249}"
EndProject
Project("{FAE04EC0-301F-11D3-BF4B-00C04F79EFBC}") = "LoginUI", "LoginUI\LoginUI.csproj", "{087DA007-B70F-49E4-9B19-2AB3DA4DB198}"
EndProject
Global
	GlobalSection(SolutionConfigurationPlatforms) = preSolution
		Debug|Any CPU = Debug|Any CPU
		Debug|ARM = Debug|ARM
		Debug|iPhone = Debug|iPhone
		Debug|iPhoneSimulator = Debug|iPhoneSimulator
		Debug|x64 = Debug|x64
		Debug|x86 = Debug|x86
		Release|Any CPU = Release|Any CPU
		Release|ARM = Release|ARM
		Release|iPhone = Release|iPhone
		Release|iPhoneSimulator = Release|iPhoneSimulator
		Release|x64 = Release|x64
		Release|x86 = Release|x86
	EndGlobalSection
	GlobalSection(ProjectConfigurationPlatforms) = postSolution
		{E521313D-D620-472E-9AA9-165C4AD01997}.Debug|Any CPU.ActiveCfg = Debug|x86
		{E521313D-D620-472E-9AA9-165C4AD01997}.Debug|Any CPU.Build.0 = Debug|x86
		{E521313D-D620-472E-9AA9-165C4AD01997}.Debug|Any CPU.Deploy.0 = Debug|x86
		{E521313D-D620-472E-9AA9-165C4AD01997}.Debug|ARM.ActiveCfg = Debug|ARM
		{E521313D-D620-472E-9AA9-165C4AD01997}.Debug|ARM.Build.0 = Debug|ARM
		{E521313D-D620-472E-9AA9-165C4AD01997}.Debug|ARM.Deploy.0 = Debug|ARM
		{E521313D-D620-472E-9AA9-165C4AD01997}.Debug|iPhone.ActiveCfg = Debug|x86
		{E521313D-D620-472E-9AA9-165C4AD01997}.Debug|iPhone.Build.0 = Debug|x86
		{E521313D-D620-472E-9AA9-165C4AD01997}.Debug|iPhone.Deploy.0 = Debug|x86
		{E521313D-D620-472E-9AA9-165C4AD01997}.Debug|iPhoneSimulator.ActiveCfg = Debug|x86
		{E521313D-D620-472E-9AA9-165C4AD01997}.Debug|iPhoneSimulator.Build.0 = Debug|x86
		{E521313D-D620-472E-9AA9-165C4AD01997}.Debug|iPhoneSimulator.Deploy.0 = Debug|x86
		{E521313D-D620-472E-9AA9-165C4AD01997}.Debug|x64.ActiveCfg = Debug|x64
		{E521313D-D620-472E-9AA9-165C4AD01997}.Debug|x64.Build.0 = Debug|x64
		{E521313D-D620-472E-9AA9-165C4AD01997}.Debug|x64.Deploy.0 = Debug|x64
		{E521313D-D620-472E-9AA9-165C4AD01997}.Debug|x86.ActiveCfg = Debug|x86
		{E521313D-D620-472E-9AA9-165C4AD01997}.Debug|x86.Build.0 = Debug|x86
		{E521313D-D620-472E-9AA9-165C4AD01997}.Debug|x86.Deploy.0 = Debug|x86
		{E521313D-D620-472E-9AA9-165C4AD01997}.Release|Any CPU.ActiveCfg = Release|x86
		{E521313D-D620-472E-9AA9-165C4AD01997}.Release|Any CPU.Build.0 = Release|x86
		{E521313D-D620-472E-9AA9-165C4AD01997}.Release|Any CPU.Deploy.0 = Release|x86
		{E521313D-D620-472E-9AA9-165C4AD01997}.Release|ARM.ActiveCfg = Release|ARM
		{E521313D-D620-472E-9AA9-165C4AD01997}.Release|ARM.Build.0 = Release|ARM
		{E521313D-D620-472E-9AA9-165C4AD01997}.Release|ARM.Deploy.0 = Release|ARM
		{E521313D-D620-472E-9AA9-165C4AD01997}.Release|iPhone.ActiveCfg = Release|x86
		{E521313D-D620-472E-9AA9-165C4AD01997}.Release|iPhone.Build.0 = Release|x86
		{E521313D-D620-472E-9AA9-165C4AD01997}.Release|iPhone.Deploy.0 = Release|x86
		{E521313D-D620-472E-9AA9-165C4AD01997}.Release|iPhoneSimulator.ActiveCfg = Release|x86
		{E521313D-D620-472E-9AA9-165C4AD01997}.Release|iPhoneSimulator.Build.0 = Release|x86
		{E521313D-D620-472E-9AA9-165C4AD01997}.Release|iPhoneSimulator.Deploy.0 = Release|x86
		{E521313D-D620-472E-9AA9-165C4AD01997}.Release|x64.ActiveCfg = Release|x64
		{E521313D-D620-472E-9AA9-165C4AD01997}.Release|x64.Build.0 = Release|x64
		{E521313D-D620-472E-9AA9-165C4AD01997}.Release|x64.Deploy.0 = Release|x64
		{E521313D-D620-472E-9AA9-165C4AD01997}.Release|x86.ActiveCfg = Release|x86
		{E521313D-D620-472E-9AA9-165C4AD01997}.Release|x86.Build.0 = Release|x86
		{E521313D-D620-472E-9AA9-165C4AD01997}.Release|x86.Deploy.0 = Release|x86
		{43C86D74-0B15-4FAE-B6C4-3BA7143FC7FA}.Debug|Any CPU.ActiveCfg = Debug|Any CPU
		{43C86D74-0B15-4FAE-B6C4-3BA7143FC7FA}.Debug|Any CPU.Build.0 = Debug|Any CPU
		{43C86D74-0B15-4FAE-B6C4-3BA7143FC7FA}.Debug|Any CPU.Deploy.0 = Debug|Any CPU
		{43C86D74-0B15-4FAE-B6C4-3BA7143FC7FA}.Debug|ARM.ActiveCfg = Debug|Any CPU
		{43C86D74-0B15-4FAE-B6C4-3BA7143FC7FA}.Debug|ARM.Build.0 = Debug|Any CPU
		{43C86D74-0B15-4FAE-B6C4-3BA7143FC7FA}.Debug|ARM.Deploy.0 = Debug|Any CPU
		{43C86D74-0B15-4FAE-B6C4-3BA7143FC7FA}.Debug|iPhone.ActiveCfg = Debug|Any CPU
		{43C86D74-0B15-4FAE-B6C4-3BA7143FC7FA}.Debug|iPhone.Build.0 = Debug|Any CPU
		{43C86D74-0B15-4FAE-B6C4-3BA7143FC7FA}.Debug|iPhone.Deploy.0 = Debug|Any CPU
		{43C86D74-0B15-4FAE-B6C4-3BA7143FC7FA}.Debug|iPhoneSimulator.ActiveCfg = Debug|Any CPU
		{43C86D74-0B15-4FAE-B6C4-3BA7143FC7FA}.Debug|iPhoneSimulator.Build.0 = Debug|Any CPU
		{43C86D74-0B15-4FAE-B6C4-3BA7143FC7FA}.Debug|iPhoneSimulator.Deploy.0 = Debug|Any CPU
		{43C86D74-0B15-4FAE-B6C4-3BA7143FC7FA}.Debug|x64.ActiveCfg = Debug|Any CPU
		{43C86D74-0B15-4FAE-B6C4-3BA7143FC7FA}.Debug|x64.Build.0 = Debug|Any CPU
		{43C86D74-0B15-4FAE-B6C4-3BA7143FC7FA}.Debug|x64.Deploy.0 = Debug|Any CPU
		{43C86D74-0B15-4FAE-B6C4-3BA7143FC7FA}.Debug|x86.ActiveCfg = Debug|Any CPU
		{43C86D74-0B15-4FAE-B6C4-3BA7143FC7FA}.Debug|x86.Build.0 = Debug|Any CPU
		{43C86D74-0B15-4FAE-B6C4-3BA7143FC7FA}.Debug|x86.Deploy.0 = Debug|Any CPU
		{43C86D74-0B15-4FAE-B6C4-3BA7143FC7FA}.Release|Any CPU.ActiveCfg = Release|Any CPU
		{43C86D74-0B15-4FAE-B6C4-3BA7143FC7FA}.Release|Any CPU.Build.0 = Release|Any CPU
		{43C86D74-0B15-4FAE-B6C4-3BA7143FC7FA}.Release|Any CPU.Deploy.0 = Release|Any CPU
		{43C86D74-0B15-4FAE-B6C4-3BA7143FC7FA}.Release|ARM.ActiveCfg = Release|Any CPU
		{43C86D74-0B15-4FAE-B6C4-3BA7143FC7FA}.Release|ARM.Build.0 = Release|Any CPU
		{43C86D74-0B15-4FAE-B6C4-3BA7143FC7FA}.Release|ARM.Deploy.0 = Release|Any CPU
		{43C86D74-0B15-4FAE-B6C4-3BA7143FC7FA}.Release|iPhone.ActiveCfg = Release|Any CPU
		{43C86D74-0B15-4FAE-B6C4-3BA7143FC7FA}.Release|iPhone.Build.0 = Release|Any CPU
		{43C86D74-0B15-4FAE-B6C4-3BA7143FC7FA}.Release|iPhone.Deploy.0 = Release|Any CPU
		{43C86D74-0B15-4FAE-B6C4-3BA7143FC7FA}.Release|iPhoneSimulator.ActiveCfg = Release|Any CPU
		{43C86D74-0B15-4FAE-B6C4-3BA7143FC7FA}.Release|iPhoneSimulator.Build.0 = Release|Any CPU
		{43C86D74-0B15-4FAE-B6C4-3BA7143FC7FA}.Release|iPhoneSimulator.Deploy.0 = Release|Any CPU
		{43C86D74-0B15-4FAE-B6C4-3BA7143FC7FA}.Release|x64.ActiveCfg = Release|Any CPU
		{43C86D74-0B15-4FAE-B6C4-3BA7143FC7FA}.Release|x64.Build.0 = Release|Any CPU
		{43C86D74-0B15-4FAE-B6C4-3BA7143FC7FA}.Release|x64.Deploy.0 = Release|Any CPU
		{43C86D74-0B15-4FAE-B6C4-3BA7143FC7FA}.Release|x86.ActiveCfg = Release|Any CPU
		{43C86D74-0B15-4FAE-B6C4-3BA7143FC7FA}.Release|x86.Build.0 = Release|Any CPU
		{43C86D74-0B15-4FAE-B6C4-3BA7143FC7FA}.Release|x86.Deploy.0 = Release|Any CPU
		{F17F33F7-E274-41C2-BC7E-A2D883289249}.Debug|Any CPU.ActiveCfg = Debug|iPhoneSimulator
		{F17F33F7-E274-41C2-BC7E-A2D883289249}.Debug|Any CPU.Build.0 = Debug|iPhoneSimulator
		{F17F33F7-E274-41C2-BC7E-A2D883289249}.Debug|Any CPU.Deploy.0 = Debug|iPhoneSimulator
		{F17F33F7-E274-41C2-BC7E-A2D883289249}.Debug|ARM.ActiveCfg = Debug|iPhone
		{F17F33F7-E274-41C2-BC7E-A2D883289249}.Debug|ARM.Build.0 = Debug|iPhone
		{F17F33F7-E274-41C2-BC7E-A2D883289249}.Debug|ARM.Deploy.0 = Debug|iPhone
		{F17F33F7-E274-41C2-BC7E-A2D883289249}.Debug|iPhone.ActiveCfg = Debug|iPhone
		{F17F33F7-E274-41C2-BC7E-A2D883289249}.Debug|iPhone.Build.0 = Debug|iPhone
		{F17F33F7-E274-41C2-BC7E-A2D883289249}.Debug|iPhone.Deploy.0 = Debug|iPhone
		{F17F33F7-E274-41C2-BC7E-A2D883289249}.Debug|iPhoneSimulator.ActiveCfg = Debug|iPhoneSimulator
		{F17F33F7-E274-41C2-BC7E-A2D883289249}.Debug|iPhoneSimulator.Build.0 = Debug|iPhoneSimulator
		{F17F33F7-E274-41C2-BC7E-A2D883289249}.Debug|iPhoneSimulator.Deploy.0 = Debug|iPhoneSimulator
		{F17F33F7-E274-41C2-BC7E-A2D883289249}.Debug|x64.ActiveCfg = Debug|iPhoneSimulator
		{F17F33F7-E274-41C2-BC7E-A2D883289249}.Debug|x64.Build.0 = Debug|iPhoneSimulator
		{F17F33F7-E274-41C2-BC7E-A2D883289249}.Debug|x64.Deploy.0 = Debug|iPhoneSimulator
		{F17F33F7-E274-41C2-BC7E-A2D883289249}.Debug|x86.ActiveCfg = Debug|iPhoneSimulator
		{F17F33F7-E274-41C2-BC7E-A2D883289249}.Debug|x86.Build.0 = Debug|iPhoneSimulator
		{F17F33F7-E274-41C2-BC7E-A2D883289249}.Debug|x86.Deploy.0 = Debug|iPhoneSimulator
		{F17F33F7-E274-41C2-BC7E-A2D883289249}.Release|Any CPU.ActiveCfg = Release|iPhoneSimulator
		{F17F33F7-E274-41C2-BC7E-A2D883289249}.Release|Any CPU.Build.0 = Release|iPhoneSimulator
		{F17F33F7-E274-41C2-BC7E-A2D883289249}.Release|Any CPU.Deploy.0 = Release|iPhoneSimulator
		{F17F33F7-E274-41C2-BC7E-A2D883289249}.Release|ARM.ActiveCfg = Release|iPhoneSimulator
		{F17F33F7-E274-41C2-BC7E-A2D883289249}.Release|ARM.Build.0 = Release|iPhoneSimulator
		{F17F33F7-E274-41C2-BC7E-A2D883289249}.Release|ARM.Deploy.0 = Release|iPhoneSimulator
		{F17F33F7-E274-41C2-BC7E-A2D883289249}.Release|iPhone.ActiveCfg = Release|iPhone
		{F17F33F7-E274-41C2-BC7E-A2D883289249}.Release|iPhone.Build.0 = Release|iPhone
		{F17F33F7-E274-41C2-BC7E-A2D883289249}.Release|iPhone.Deploy.0 = Release|iPhone
		{F17F33F7-E274-41C2-BC7E-A2D883289249}.Release|iPhoneSimulator.ActiveCfg = Release|iPhoneSimulator
		{F17F33F7-E274-41C2-BC7E-A2D883289249}.Release|iPhoneSimulator.Build.0 = Release|iPhoneSimulator
		{F17F33F7-E274-41C2-BC7E-A2D883289249}.Release|iPhoneSimulator.Deploy.0 = Release|iPhoneSimulator
		{F17F33F7-E274-41C2-BC7E-A2D883289249}.Release|x64.ActiveCfg = Release|iPhoneSimulator
		{F17F33F7-E274-41C2-BC7E-A2D883289249}.Release|x64.Build.0 = Release|iPhoneSimulator
		{F17F33F7-E274-41C2-BC7E-A2D883289249}.Release|x64.Deploy.0 = Release|iPhoneSimulator
		{F17F33F7-E274-41C2-BC7E-A2D883289249}.Release|x86.ActiveCfg = Release|iPhoneSimulator
		{F17F33F7-E274-41C2-BC7E-A2D883289249}.Release|x86.Build.0 = Release|iPhoneSimulator
		{F17F33F7-E274-41C2-BC7E-A2D883289249}.Release|x86.Deploy.0 = Release|iPhoneSimulator
		{087DA007-B70F-49E4-9B19-2AB3DA4DB198}.Debug|Any CPU.ActiveCfg = Debug|Any CPU
		{087DA007-B70F-49E4-9B19-2AB3DA4DB198}.Debug|Any CPU.Build.0 = Debug|Any CPU
		{087DA007-B70F-49E4-9B19-2AB3DA4DB198}.Debug|Any CPU.Deploy.0 = Debug|Any CPU
		{087DA007-B70F-49E4-9B19-2AB3DA4DB198}.Debug|ARM.ActiveCfg = Debug|Any CPU
		{087DA007-B70F-49E4-9B19-2AB3DA4DB198}.Debug|ARM.Build.0 = Debug|Any CPU
		{087DA007-B70F-49E4-9B19-2AB3DA4DB198}.Debug|ARM.Deploy.0 = Debug|Any CPU
		{087DA007-B70F-49E4-9B19-2AB3DA4DB198}.Debug|iPhone.ActiveCfg = Debug|Any CPU
		{087DA007-B70F-49E4-9B19-2AB3DA4DB198}.Debug|iPhone.Build.0 = Debug|Any CPU
		{087DA007-B70F-49E4-9B19-2AB3DA4DB198}.Debug|iPhone.Deploy.0 = Debug|Any CPU
		{087DA007-B70F-49E4-9B19-2AB3DA4DB198}.Debug|iPhoneSimulator.ActiveCfg = Debug|Any CPU
		{087DA007-B70F-49E4-9B19-2AB3DA4DB198}.Debug|iPhoneSimulator.Build.0 = Debug|Any CPU
		{087DA007-B70F-49E4-9B19-2AB3DA4DB198}.Debug|iPhoneSimulator.Deploy.0 = Debug|Any CPU
		{087DA007-B70F-49E4-9B19-2AB3DA4DB198}.Debug|x64.ActiveCfg = Debug|Any CPU
		{087DA007-B70F-49E4-9B19-2AB3DA4DB198}.Debug|x64.Build.0 = Debug|Any CPU
		{087DA007-B70F-49E4-9B19-2AB3DA4DB198}.Debug|x64.Deploy.0 = Debug|Any CPU
		{087DA007-B70F-49E4-9B19-2AB3DA4DB198}.Debug|x86.ActiveCfg = Debug|Any CPU
		{087DA007-B70F-49E4-9B19-2AB3DA4DB198}.Debug|x86.Build.0 = Debug|Any CPU
		{087DA007-B70F-49E4-9B19-2AB3DA4DB198}.Debug|x86.Deploy.0 = Debug|Any CPU
		{087DA007-B70F-49E4-9B19-2AB3DA4DB198}.Release|Any CPU.ActiveCfg = Release|Any CPU
		{087DA007-B70F-49E4-9B19-2AB3DA4DB198}.Release|Any CPU.Build.0 = Release|Any CPU
		{087DA007-B70F-49E4-9B19-2AB3DA4DB198}.Release|Any CPU.Deploy.0 = Release|Any CPU
		{087DA007-B70F-49E4-9B19-2AB3DA4DB198}.Release|ARM.ActiveCfg = Release|Any CPU
		{087DA007-B70F-49E4-9B19-2AB3DA4DB198}.Release|ARM.Build.0 = Release|Any CPU
		{087DA007-B70F-49E4-9B19-2AB3DA4DB198}.Release|ARM.Deploy.0 = Release|Any CPU
		{087DA007-B70F-49E4-9B19-2AB3DA4DB198}.Release|iPhone.ActiveCfg = Release|Any CPU
		{087DA007-B70F-49E4-9B19-2AB3DA4DB198}.Release|iPhone.Build.0 = Release|Any CPU
		{087DA007-B70F-49E4-9B19-2AB3DA4DB198}.Release|iPhone.Deploy.0 = Release|Any CPU
		{087DA007-B70F-49E4-9B19-2AB3DA4DB198}.Release|iPhoneSimulator.ActiveCfg = Release|Any CPU
		{087DA007-B70F-49E4-9B19-2AB3DA4DB198}.Release|iPhoneSimulator.Build.0 = Release|Any CPU
		{087DA007-B70F-49E4-9B19-2AB3DA4DB198}.Release|iPhoneSimulator.Deploy.0 = Release|Any CPU
		{087DA007-B70F-49E4-9B19-2AB3DA4DB198}.Release|x64.ActiveCfg = Release|Any CPU
		{087DA007-B70F-49E4-9B19-2AB3DA4DB198}.Release|x64.Build.0 = Release|Any CPU
		{087DA007-B70F-49E4-9B19-2AB3DA4DB198}.Release|x64.Deploy.0 = Release|Any CPU
		{087DA007-B70F-49E4-9B19-2AB3DA4DB198}.Release|x86.ActiveCfg = Release|Any CPU
		{087DA007-B70F-49E4-9B19-2AB3DA4DB198}.Release|x86.Build.0 = Release|Any CPU
		{087DA007-B70F-49E4-9B19-2AB3DA4DB198}.Release|x86.Deploy.0 = Release|Any CPU
	EndGlobalSection
	GlobalSection(SolutionProperties) = preSolution
		HideSolutionNode = FALSE
	EndGlobalSection
	GlobalSection(ExtensibilityGlobals) = postSolution
		SolutionGuid = {6446A230-FFDE-4D5A-843A-2398B42E9613}
	EndGlobalSection
EndGlobal
